
Microsoft Visual Studio Solution File, Format Version 12.00
# Visual Studio Version 16
VisualStudioVersion = 16.0.30128.74
MinimumVisualStudioVersion = 10.0.40219.1
Project("{FAE04EC0-301F-11D3-BF4B-00C04F79EFBC}") = "Sitecore.DataExchange.Sfmc.Custom.Activities", "Sitecore.DataExchange.Sfmc.Custom.Activities\Sitecore.DataExchange.Sfmc.Custom.Activities.csproj", "{237AC230-8262-417C-8E5F-CB31C54BFA91}"
EndProject
Project("{FAE04EC0-301F-11D3-BF4B-00C04F79EFBC}") = "Sitecore.DataExchange.Sfmc.Model", "Sitecore.DataExchange.Sfmc.Model\Sitecore.DataExchange.Sfmc.Model.csproj", "{BDC5D33F-FE39-455D-A878-BC5D7924F9F2}"
EndProject
Project("{FAE04EC0-301F-11D3-BF4B-00C04F79EFBC}") = "XconnectModelSerializer", "XconnectModelSerializer\XconnectModelSerializer.csproj", "{35415040-CD69-42DA-AB97-91EF036976AA}"
EndProject
Global
	GlobalSection(SolutionConfigurationPlatforms) = preSolution
		Debug|Any CPU = Debug|Any CPU
		Release|Any CPU = Release|Any CPU
	EndGlobalSection
	GlobalSection(ProjectConfigurationPlatforms) = postSolution
		{237AC230-8262-417C-8E5F-CB31C54BFA91}.Debug|Any CPU.ActiveCfg = Debug|Any CPU
		{237AC230-8262-417C-8E5F-CB31C54BFA91}.Debug|Any CPU.Build.0 = Debug|Any CPU
		{237AC230-8262-417C-8E5F-CB31C54BFA91}.Release|Any CPU.ActiveCfg = Release|Any CPU
		{237AC230-8262-417C-8E5F-CB31C54BFA91}.Release|Any CPU.Build.0 = Release|Any CPU
		{BDC5D33F-FE39-455D-A878-BC5D7924F9F2}.Debug|Any CPU.ActiveCfg = Debug|Any CPU
		{BDC5D33F-FE39-455D-A878-BC5D7924F9F2}.Debug|Any CPU.Build.0 = Debug|Any CPU
		{BDC5D33F-FE39-455D-A878-BC5D7924F9F2}.Release|Any CPU.ActiveCfg = Release|Any CPU
		{BDC5D33F-FE39-455D-A878-BC5D7924F9F2}.Release|Any CPU.Build.0 = Release|Any CPU
		{35415040-CD69-42DA-AB97-91EF036976AA}.Debug|Any CPU.ActiveCfg = Debug|Any CPU
		{35415040-CD69-42DA-AB97-91EF036976AA}.Debug|Any CPU.Build.0 = Debug|Any CPU
		{35415040-CD69-42DA-AB97-91EF036976AA}.Release|Any CPU.ActiveCfg = Release|Any CPU
		{35415040-CD69-42DA-AB97-91EF036976AA}.Release|Any CPU.Build.0 = Release|Any CPU
	EndGlobalSection
	GlobalSection(SolutionProperties) = preSolution
		HideSolutionNode = FALSE
	EndGlobalSection
	GlobalSection(ExtensibilityGlobals) = postSolution
		EnterpriseLibraryConfigurationToolBinariesPathV6 = packages\EnterpriseLibrary.Common.6.0.1304.0\lib\NET45;packages\EnterpriseLibrary.TransientFaultHandling.6.0.1304.0\lib\portable-net45+win+wp8;packages\EnterpriseLibrary.TransientFaultHandling.Caching.6.0.1304.0\lib\NET45;packages\EnterpriseLibrary.TransientFaultHandling.Data.6.0.1304.1\lib\NET45;packages\EnterpriseLibrary.TransientFaultHandling.ServiceBus.6.0.1304.0\lib\NET45;packages\EnterpriseLibrary.TransientFaultHandling.WindowsAzure.Storage.6.0.1304.0\lib\NET45;packages\EnterpriseLibrary.TransientFaultHandling.Configuration.6.0.1304.0\lib\NET45
		SolutionGuid = {2FE9B903-1DD6-440B-AB86-CCF1BABB4457}
	EndGlobalSection
EndGlobal
