
Microsoft Visual Studio Solution File, Format Version 12.00
# Visual Studio Version 16
VisualStudioVersion = 16.0.30128.74
MinimumVisualStudioVersion = 10.0.40219.1
Project("{FAE04EC0-301F-11D3-BF4B-00C04F79EFBC}") = "Sitecore.DataExchange.Sfmc.Custom.Activities", "Sitecore.DataExchange.Sfmc.Custom.Activities\Sitecore.DataExchange.Sfmc.Custom.Activities.csproj", "{237AC230-8262-417C-8E5F-CB31C54BFA91}"
EndProject
Global
	GlobalSection(SolutionConfigurationPlatforms) = preSolution
		Debug|Any CPU = Debug|Any CPU
		Release|Any CPU = Release|Any CPU
	EndGlobalSection
	GlobalSection(ProjectConfigurationPlatforms) = postSolution
		{237AC230-8262-417C-8E5F-CB31C54BFA91}.Debug|Any CPU.ActiveCfg = Debug|Any CPU
		{237AC230-8262-417C-8E5F-CB31C54BFA91}.Debug|Any CPU.Build.0 = Debug|Any CPU
		{237AC230-8262-417C-8E5F-CB31C54BFA91}.Release|Any CPU.ActiveCfg = Release|Any CPU
		{237AC230-8262-417C-8E5F-CB31C54BFA91}.Release|Any CPU.Build.0 = Release|Any CPU
	EndGlobalSection
	GlobalSection(SolutionProperties) = preSolution
		HideSolutionNode = FALSE
	EndGlobalSection
	GlobalSection(ExtensibilityGlobals) = postSolution
		SolutionGuid = {2FE9B903-1DD6-440B-AB86-CCF1BABB4457}
	EndGlobalSection
EndGlobal
